
Microsoft Visual Studio Solution File, Format Version 12.00
# Visual Studio 15
Project("{FAE04EC0-301F-11D3-BF4B-00C04F79EFBC}") = "ShipWar3D", "Assembly-CSharp.csproj", "{00FD5AF3-666D-5692-6F2D-4857EA0EDE7E}"
EndProject
Project("{FAE04EC0-301F-11D3-BF4B-00C04F79EFBC}") = "ShipWar3D", "Assembly-CSharp-Editor.csproj", "{CC1A5153-8420-84A7-3247-232950196C36}"
EndProject
Global
	GlobalSection(SolutionConfigurationPlatforms) = preSolution
		Debug|Any CPU = Debug|Any CPU
		Release|Any CPU = Release|Any CPU
	EndGlobalSection
	GlobalSection(ProjectConfigurationPlatforms) = postSolution
		{00FD5AF3-666D-5692-6F2D-4857EA0EDE7E}.Debug|Any CPU.ActiveCfg = Debug|Any CPU
		{00FD5AF3-666D-5692-6F2D-4857EA0EDE7E}.Debug|Any CPU.Build.0 = Debug|Any CPU
		{00FD5AF3-666D-5692-6F2D-4857EA0EDE7E}.Release|Any CPU.ActiveCfg = Release|Any CPU
		{00FD5AF3-666D-5692-6F2D-4857EA0EDE7E}.Release|Any CPU.Build.0 = Release|Any CPU
		{CC1A5153-8420-84A7-3247-232950196C36}.Debug|Any CPU.ActiveCfg = Debug|Any CPU
		{CC1A5153-8420-84A7-3247-232950196C36}.Debug|Any CPU.Build.0 = Debug|Any CPU
		{CC1A5153-8420-84A7-3247-232950196C36}.Release|Any CPU.ActiveCfg = Release|Any CPU
		{CC1A5153-8420-84A7-3247-232950196C36}.Release|Any CPU.Build.0 = Release|Any CPU
	EndGlobalSection
	GlobalSection(SolutionProperties) = preSolution
		HideSolutionNode = FALSE
	EndGlobalSection
EndGlobal
